<?xml version="1.0" encoding="utf-8"?>
<Project ToolsVersion="4.0" xmlns="http://schemas.microsoft.com/developer/msbuild/2003">
  <ItemGroup>
    <Filter Include="Archivos de origen">
      <UniqueIdentifier>{4FC737F1-C7A5-4376-A066-2A32D752A2FF}</UniqueIdentifier>
      <Extensions>cpp;c;cc;cxx;def;odl;idl;hpj;bat;asm;asmx</Extensions>
    </Filter>
    <Filter Include="Archivos de encabezado">
      <UniqueIdentifier>{93995380-89BD-4b04-88EB-625FBE52EBFB}</UniqueIdentifier>
      <Extensions>h;hh;hpp;hxx;hm;inl;inc;ipp;xsd</Extensions>
    </Filter>
    <Filter Include="Archivos de recursos">
      <UniqueIdentifier>{67DA6AB6-F800-4c08-8B7A-83BB121AAD01}</UniqueIdentifier>
      <Extensions>rc;ico;cur;bmp;dlg;rc2;rct;bin;rgs;gif;jpg;jpeg;jpe;resx;tiff;tif;png;wav;mfcribbon-ms</Extensions>
    </Filter>
    <Filter Include="Archivos de origen\managers">
      <UniqueIdentifier>{4ab80bfc-8a2a-4ed5-aa0f-3726f39a8f20}</UniqueIdentifier>
    </Filter>
    <Filter Include="Archivos de encabezado\managers">
      <UniqueIdentifier>{64d2b5d9-531f-4ba0-b963-37fb1fe39d2a}</UniqueIdentifier>
    </Filter>
    <Filter Include="Archivos de encabezado\states">
      <UniqueIdentifier>{54cd2882-aad9-4dc0-8d69-a2c745da0545}</UniqueIdentifier>
    </Filter>
    <Filter Include="Archivos de origen\states">
      <UniqueIdentifier>{61fa8ddb-bf8c-4b9b-aed4-40991f4233f7}</UniqueIdentifier>
    </Filter>
    <Filter Include="Archivos de origen\screens">
      <UniqueIdentifier>{c8094764-853a-4385-beed-90f8e7c20363}</UniqueIdentifier>
    </Filter>
    <Filter Include="Archivos de encabezado\screens">
      <UniqueIdentifier>{846d5e59-62c9-4991-bf9d-92a34eaadccc}</UniqueIdentifier>
    </Filter>
    <Filter Include="Archivos de encabezado\gameEntities">
      <UniqueIdentifier>{22c2b4ee-89fe-4e50-aab5-7f560a7f3675}</UniqueIdentifier>
    </Filter>
    <Filter Include="Archivos de encabezado\gameEntities\potions">
      <UniqueIdentifier>{6ca50b8c-d8c7-4c7c-ab0b-0e0d08f4d6c1}</UniqueIdentifier>
    </Filter>
    <Filter Include="Archivos de encabezado\gameEntities\tiles">
      <UniqueIdentifier>{39daff27-b0be-49cc-a948-ab1345042e08}</UniqueIdentifier>
    </Filter>
    <Filter Include="Archivos de encabezado\gameEntities\projectiles">
      <UniqueIdentifier>{fdeb2444-d3af-4813-8069-426940cdaea3}</UniqueIdentifier>
    </Filter>
    <Filter Include="Archivos de encabezado\gameEntities\enemies">
      <UniqueIdentifier>{c01b9226-db02-4227-8a6e-fabf9f356a4a}</UniqueIdentifier>
    </Filter>
    <Filter Include="Archivos de origen\gameEntities">
      <UniqueIdentifier>{af48504c-f9cf-4d2c-895a-b64d3e4ef90f}</UniqueIdentifier>
    </Filter>
    <Filter Include="Archivos de origen\gameEntities\potions">
      <UniqueIdentifier>{33210650-293f-4f69-8c36-b39c48db3fcb}</UniqueIdentifier>
    </Filter>
    <Filter Include="Archivos de origen\gameEntities\tiles">
      <UniqueIdentifier>{862a5f8a-55ef-4078-b7eb-68c320de61b7}</UniqueIdentifier>
    </Filter>
    <Filter Include="Archivos de origen\gameEntities\projectiles">
      <UniqueIdentifier>{07636397-dba2-430c-8c3d-781b40a85a64}</UniqueIdentifier>
    </Filter>
    <Filter Include="Archivos de origen\gameEntities\enemies">
      <UniqueIdentifier>{601f58e3-c7bb-4ac1-be4d-8b8470bb8a11}</UniqueIdentifier>
    </Filter>
    <Filter Include="Archivos de encabezado\menuEntities">
      <UniqueIdentifier>{ff5af4eb-9155-4ef6-8435-9f6ed71f4b5d}</UniqueIdentifier>
    </Filter>
    <Filter Include="Archivos de origen\menuEntities">
      <UniqueIdentifier>{56b61cf0-7ed1-4de3-8b42-57e82f7b3ef6}</UniqueIdentifier>
    </Filter>
    <Filter Include="Archivos de encabezado\others">
      <UniqueIdentifier>{e16d2031-b543-4768-a97e-956866c8c07e}</UniqueIdentifier>
    </Filter>
    <Filter Include="Archivos de encabezado\gameEntities\players">
      <UniqueIdentifier>{356cec69-5f50-40fb-8547-5ee69aa8e178}</UniqueIdentifier>
    </Filter>
    <Filter Include="Archivos de origen\gameEntities\players">
      <UniqueIdentifier>{7dea4fe8-0960-47a0-9e9f-660f81d0f444}</UniqueIdentifier>
    </Filter>
    <Filter Include="Archivos de origen\interface">
      <UniqueIdentifier>{18581c19-db5d-46fc-93fd-498da786914e}</UniqueIdentifier>
    </Filter>
    <Filter Include="Archivos de encabezado\interface">
      <UniqueIdentifier>{6d46661f-39a2-4990-8750-dd4957f0ef08}</UniqueIdentifier>
    </Filter>
  </ItemGroup>
  <ItemGroup>
    <ClInclude Include="pch.h">
      <Filter>Archivos de encabezado</Filter>
    </ClInclude>
    <ClInclude Include="game.h">
      <Filter>Archivos de encabezado</Filter>
    </ClInclude>
    <ClInclude Include="camera.h">
      <Filter>Archivos de encabezado</Filter>
    </ClInclude>
    <ClInclude Include="engineManager.h">
      <Filter>Archivos de encabezado\managers</Filter>
    </ClInclude>
    <ClInclude Include="potionHealth.h">
      <Filter>Archivos de encabezado\gameEntities\potions</Filter>
    </ClInclude>
    <ClInclude Include="potionMana.h">
      <Filter>Archivos de encabezado\gameEntities\potions</Filter>
    </ClInclude>
    <ClInclude Include="potionSpeed.h">
      <Filter>Archivos de encabezado\gameEntities\potions</Filter>
    </ClInclude>
    <ClInclude Include="sceneMap.h">
      <Filter>Archivos de encabezado</Filter>
    </ClInclude>
    <ClInclude Include="tinyxml2.h">
      <Filter>Archivos de encabezado</Filter>
    </ClInclude>
    <ClInclude Include="quadTree.h">
      <Filter>Archivos de encabezado</Filter>
    </ClInclude>
    <ClInclude Include="tile.h">
      <Filter>Archivos de encabezado\gameEntities\tiles</Filter>
    </ClInclude>
    <ClInclude Include="projectile.h">
      <Filter>Archivos de encabezado\gameEntities\projectiles</Filter>
    </ClInclude>
    <ClInclude Include="potion.h">
      <Filter>Archivos de encabezado\gameEntities\potions</Filter>
    </ClInclude>
    <ClInclude Include="projectileStraight.h">
      <Filter>Archivos de encabezado\gameEntities\projectiles</Filter>
    </ClInclude>
    <ClInclude Include="projectileSpin.h">
      <Filter>Archivos de encabezado\gameEntities\projectiles</Filter>
    </ClInclude>
    <ClInclude Include="projectileStraightSpin.h">
      <Filter>Archivos de encabezado\gameEntities\projectiles</Filter>
    </ClInclude>
    <ClInclude Include="projectileConus.h">
      <Filter>Archivos de encabezado\gameEntities\projectiles</Filter>
    </ClInclude>
    <ClInclude Include="enemy.h">
      <Filter>Archivos de encabezado\gameEntities\enemies</Filter>
    </ClInclude>
    <ClInclude Include="enemyWarrior.h">
      <Filter>Archivos de encabezado\gameEntities\enemies</Filter>
    </ClInclude>
    <ClInclude Include="enemyCharger.h">
      <Filter>Archivos de encabezado\gameEntities\enemies</Filter>
    </ClInclude>
    <ClInclude Include="enemyRanger.h">
      <Filter>Archivos de encabezado\gameEntities\enemies</Filter>
    </ClInclude>
    <ClInclude Include="potionArmor.h">
      <Filter>Archivos de encabezado\gameEntities\potions</Filter>
    </ClInclude>
    <ClInclude Include="potionDamage.h">
      <Filter>Archivos de encabezado\gameEntities\potions</Filter>
    </ClInclude>
    <ClInclude Include="potionAtackSpeed.h">
      <Filter>Archivos de encabezado\gameEntities\potions</Filter>
    </ClInclude>
    <ClInclude Include="state.h">
      <Filter>Archivos de encabezado\states</Filter>
    </ClInclude>
    <ClInclude Include="stateMachine.h">
      <Filter>Archivos de encabezado\states</Filter>
    </ClInclude>
    <ClInclude Include="screenMenuHome.h">
      <Filter>Archivos de encabezado\screens</Filter>
    </ClInclude>
    <ClInclude Include="screenGame.h">
      <Filter>Archivos de encabezado\screens</Filter>
    </ClInclude>
    <ClInclude Include="screen.h">
      <Filter>Archivos de encabezado\screens</Filter>
    </ClInclude>
    <ClInclude Include="screenManager.h">
      <Filter>Archivos de encabezado\managers</Filter>
    </ClInclude>
    <ClInclude Include="entity.h">
      <Filter>Archivos de encabezado\gameEntities</Filter>
    </ClInclude>
    <ClInclude Include="screenGameMode.h">
      <Filter>Archivos de encabezado\screens</Filter>
    </ClInclude>
    <ClInclude Include="screenOption.h">
      <Filter>Archivos de encabezado\screens</Filter>
    </ClInclude>
    <ClInclude Include="button.h">
      <Filter>Archivos de encabezado\menuEntities</Filter>
    </ClInclude>
    <ClInclude Include="buttonText.h">
      <Filter>Archivos de encabezado\menuEntities</Filter>
    </ClInclude>
    <ClInclude Include="buttonImage.h">
      <Filter>Archivos de encabezado\menuEntities</Filter>
    </ClInclude>
    <ClInclude Include="screenSelectPlayerSolo.h">
      <Filter>Archivos de encabezado\screens</Filter>
    </ClInclude>
    <ClInclude Include="image.h">
      <Filter>Archivos de encabezado\menuEntities</Filter>
    </ClInclude>
    <ClInclude Include="Point.h">
      <Filter>Archivos de encabezado\others</Filter>
    </ClInclude>
    <ClInclude Include="entities_enum.h">
      <Filter>Archivos de encabezado\others</Filter>
    </ClInclude>
    <ClInclude Include="player.h">
      <Filter>Archivos de encabezado\gameEntities\players</Filter>
    </ClInclude>
    <ClInclude Include="playerBlue.h">
      <Filter>Archivos de encabezado\gameEntities\players</Filter>
    </ClInclude>
    <ClInclude Include="playerGreen.h">
      <Filter>Archivos de encabezado\gameEntities\players</Filter>
    </ClInclude>
    <ClInclude Include="interface.h">
      <Filter>Archivos de encabezado\interface</Filter>
    </ClInclude>
    <ClInclude Include="color.h">
      <Filter>Archivos de encabezado\others</Filter>
    </ClInclude>
    <ClInclude Include="playerInfo.h">
      <Filter>Archivos de encabezado\interface</Filter>
    </ClInclude>
    <ClInclude Include="fillBar.h">
      <Filter>Archivos de encabezado\interface</Filter>
    </ClInclude>
    <ClInclude Include="habilities_enum.h">
      <Filter>Archivos de encabezado\others</Filter>
    </ClInclude>
    <ClInclude Include="habilityInfo.h">
      <Filter>Archivos de encabezado\interface</Filter>
    </ClInclude>
    <ClInclude Include="statsInfo.h">
      <Filter>Archivos de encabezado\interface</Filter>
    </ClInclude>
    <ClInclude Include="stats_enum.h">
      <Filter>Archivos de encabezado\others</Filter>
    </ClInclude>
    <ClInclude Include="enemyType_enum.h">
      <Filter>Archivos de encabezado\others</Filter>
    </ClInclude>
    <ClInclude Include="waveSystem.h">
      <Filter>Archivos de encabezado</Filter>
    </ClInclude>
    <ClInclude Include="screenGameOver.h">
      <Filter>Archivos de encabezado\screens</Filter>
    </ClInclude>
    <ClInclude Include="screenPause.h">
      <Filter>Archivos de encabezado\screens</Filter>
    </ClInclude>
    <ClInclude Include="enemyBoss.h">
      <Filter>Archivos de encabezado\gameEntities\enemies</Filter>
    </ClInclude>
    <ClInclude Include="projectileSpinFixed.h">
      <Filter>Archivos de encabezado\gameEntities\projectiles</Filter>
    </ClInclude>
    <ClInclude Include="projectileStraightSticky.h">
      <Filter>Archivos de encabezado\gameEntities\projectiles</Filter>
    </ClInclude>
    <ClInclude Include="projectileStraightStun.h">
      <Filter>Archivos de encabezado\gameEntities\projectiles</Filter>
    </ClInclude>
    <ClInclude Include="playerYellow.h">
      <Filter>Archivos de encabezado\gameEntities\players</Filter>
    </ClInclude>
    <ClInclude Include="hashGrid.h">
      <Filter>Archivos de encabezado</Filter>
    </ClInclude>
    <ClInclude Include="tileTypes_enum.h">
      <Filter>Archivos de encabezado\others</Filter>
    </ClInclude>
    <ClInclude Include="tileBlock.h">
      <Filter>Archivos de encabezado\gameEntities\tiles</Filter>
    </ClInclude>
    <ClInclude Include="tileSkewer.h">
      <Filter>Archivos de encabezado\gameEntities\tiles</Filter>
    </ClInclude>
    <ClInclude Include="text.h">
      <Filter>Archivos de encabezado</Filter>
    </ClInclude>
  </ItemGroup>
  <ItemGroup>
    <ClCompile Include="pch.cpp">
      <Filter>Archivos de origen</Filter>
    </ClCompile>
    <ClCompile Include="Alphas.cpp">
      <Filter>Archivos de origen</Filter>
    </ClCompile>
    <ClCompile Include="Game.cpp">
      <Filter>Archivos de origen</Filter>
    </ClCompile>
    <ClCompile Include="camera.cpp">
      <Filter>Archivos de origen</Filter>
    </ClCompile>
    <ClCompile Include="EngineManager.cpp">
      <Filter>Archivos de origen\managers</Filter>
    </ClCompile>
    <ClCompile Include="potionHealth.cpp">
      <Filter>Archivos de origen\gameEntities\potions</Filter>
    </ClCompile>
    <ClCompile Include="potionSpeed.cpp">
      <Filter>Archivos de origen\gameEntities\potions</Filter>
    </ClCompile>
    <ClCompile Include="potionMana.cpp">
      <Filter>Archivos de origen\gameEntities\potions</Filter>
    </ClCompile>
    <ClCompile Include="sceneMap.cpp">
      <Filter>Archivos de origen</Filter>
    </ClCompile>
    <ClCompile Include="tinyxml2.cpp">
      <Filter>Archivos de origen</Filter>
    </ClCompile>
    <ClCompile Include="QuadTree.cpp">
      <Filter>Archivos de origen</Filter>
    </ClCompile>
    <ClCompile Include="Tile.cpp">
      <Filter>Archivos de origen\gameEntities\tiles</Filter>
    </ClCompile>
    <ClCompile Include="potion.cpp">
      <Filter>Archivos de origen\gameEntities\potions</Filter>
    </ClCompile>
    <ClCompile Include="projectile.cpp">
      <Filter>Archivos de origen\gameEntities\projectiles</Filter>
    </ClCompile>
    <ClCompile Include="projectileStraight.cpp">
      <Filter>Archivos de origen\gameEntities\projectiles</Filter>
    </ClCompile>
    <ClCompile Include="projectileSpin.cpp">
      <Filter>Archivos de origen\gameEntities\projectiles</Filter>
    </ClCompile>
    <ClCompile Include="projectileStraightSpin.cpp">
      <Filter>Archivos de origen\gameEntities\projectiles</Filter>
    </ClCompile>
    <ClCompile Include="projectileConus.cpp">
      <Filter>Archivos de origen\gameEntities\projectiles</Filter>
    </ClCompile>
    <ClCompile Include="enemy.cpp">
      <Filter>Archivos de origen\gameEntities\enemies</Filter>
    </ClCompile>
    <ClCompile Include="enemyWarrior.cpp">
      <Filter>Archivos de origen\gameEntities\enemies</Filter>
    </ClCompile>
    <ClCompile Include="enemyCharger.cpp">
      <Filter>Archivos de origen\gameEntities\enemies</Filter>
    </ClCompile>
    <ClCompile Include="enemyRanger.cpp">
      <Filter>Archivos de origen\gameEntities\enemies</Filter>
    </ClCompile>
    <ClCompile Include="potionAtackSpeed.cpp">
      <Filter>Archivos de origen\gameEntities\potions</Filter>
    </ClCompile>
    <ClCompile Include="potionDamage.cpp">
      <Filter>Archivos de origen\gameEntities\potions</Filter>
    </ClCompile>
    <ClCompile Include="potionArmor.cpp">
      <Filter>Archivos de origen\gameEntities\potions</Filter>
    </ClCompile>
    <ClCompile Include="state.cpp">
      <Filter>Archivos de origen\states</Filter>
    </ClCompile>
    <ClCompile Include="stateMachine.cpp">
      <Filter>Archivos de origen\states</Filter>
    </ClCompile>
    <ClCompile Include="screenMenuHome.cpp">
      <Filter>Archivos de origen\screens</Filter>
    </ClCompile>
    <ClCompile Include="screenGame.cpp">
      <Filter>Archivos de origen\screens</Filter>
    </ClCompile>
    <ClCompile Include="screen.cpp">
      <Filter>Archivos de origen\screens</Filter>
    </ClCompile>
    <ClCompile Include="screenManager.cpp">
      <Filter>Archivos de origen\managers</Filter>
    </ClCompile>
    <ClCompile Include="entity.cpp">
      <Filter>Archivos de origen\gameEntities</Filter>
    </ClCompile>
    <ClCompile Include="screenGameMode.cpp">
      <Filter>Archivos de origen\screens</Filter>
    </ClCompile>
    <ClCompile Include="screenOption.cpp">
      <Filter>Archivos de origen\screens</Filter>
    </ClCompile>
    <ClCompile Include="Button.cpp">
      <Filter>Archivos de origen\menuEntities</Filter>
    </ClCompile>
    <ClCompile Include="buttonText.cpp">
      <Filter>Archivos de origen\menuEntities</Filter>
    </ClCompile>
    <ClCompile Include="buttonImage.cpp">
      <Filter>Archivos de origen\menuEntities</Filter>
    </ClCompile>
    <ClCompile Include="screenSelectPlayerSolo.cpp">
      <Filter>Archivos de origen\screens</Filter>
    </ClCompile>
    <ClCompile Include="image.cpp">
      <Filter>Archivos de origen\menuEntities</Filter>
    </ClCompile>
    <ClCompile Include="player.cpp">
      <Filter>Archivos de origen\gameEntities\players</Filter>
    </ClCompile>
    <ClCompile Include="playerBlue.cpp">
      <Filter>Archivos de origen\gameEntities\players</Filter>
    </ClCompile>
    <ClCompile Include="playerGreen.cpp">
      <Filter>Archivos de origen\gameEntities\players</Filter>
    </ClCompile>
    <ClCompile Include="Interface.cpp">
      <Filter>Archivos de origen\interface</Filter>
    </ClCompile>
    <ClCompile Include="fillBar.cpp">
      <Filter>Archivos de origen\interface</Filter>
    </ClCompile>
    <ClCompile Include="PlayerInfo.cpp">
      <Filter>Archivos de origen\interface</Filter>
    </ClCompile>
    <ClCompile Include="habilityInfo.cpp">
      <Filter>Archivos de origen\interface</Filter>
    </ClCompile>
    <ClCompile Include="StatsInfo.cpp">
      <Filter>Archivos de origen\interface</Filter>
    </ClCompile>
    <ClCompile Include="waveSystem.cpp">
      <Filter>Archivos de origen</Filter>
    </ClCompile>
    <ClCompile Include="screenPause.cpp">
      <Filter>Archivos de origen\screens</Filter>
    </ClCompile>
    <ClCompile Include="screenGameOver.cpp">
      <Filter>Archivos de origen\screens</Filter>
    </ClCompile>
    <ClCompile Include="enemyBoss.cpp">
      <Filter>Archivos de origen\gameEntities\enemies</Filter>
    </ClCompile>
    <ClCompile Include="projectileSpinFixed.cpp">
      <Filter>Archivos de origen\gameEntities\projectiles</Filter>
    </ClCompile>
    <ClCompile Include="projectileStraightSticky.cpp">
      <Filter>Archivos de origen\gameEntities\projectiles</Filter>
    </ClCompile>
    <ClCompile Include="projectileStraightStun.cpp">
      <Filter>Archivos de origen\gameEntities\projectiles</Filter>
    </ClCompile>
    <ClCompile Include="playerYellow.cpp">
      <Filter>Archivos de origen\gameEntities\players</Filter>
    </ClCompile>
    <ClCompile Include="HashGrid.cpp">
      <Filter>Archivos de origen</Filter>
    </ClCompile>
    <ClCompile Include="tileSkewer.cpp">
      <Filter>Archivos de origen\gameEntities\tiles</Filter>
    </ClCompile>
    <ClCompile Include="tileBlock.cpp">
      <Filter>Archivos de origen\gameEntities\tiles</Filter>
    </ClCompile>
    <ClCompile Include="text.cpp">
      <Filter>Archivos de origen</Filter>
    </ClCompile>
  </ItemGroup>
</Project>