<?xml version="1.0" encoding="utf-8"?>
<Project ToolsVersion="4.0" xmlns="http://schemas.microsoft.com/developer/msbuild/2003">
  <ItemGroup>
    <Filter Include="Archivos de origen">
      <UniqueIdentifier>{4FC737F1-C7A5-4376-A066-2A32D752A2FF}</UniqueIdentifier>
      <Extensions>cpp;c;cc;cxx;def;odl;idl;hpj;bat;asm;asmx</Extensions>
    </Filter>
    <Filter Include="Archivos de encabezado">
      <UniqueIdentifier>{93995380-89BD-4b04-88EB-625FBE52EBFB}</UniqueIdentifier>
      <Extensions>h;hh;hpp;hxx;hm;inl;inc;ipp;xsd</Extensions>
    </Filter>
    <Filter Include="Archivos de recursos">
      <UniqueIdentifier>{67DA6AB6-F800-4c08-8B7A-83BB121AAD01}</UniqueIdentifier>
      <Extensions>rc;ico;cur;bmp;dlg;rc2;rct;bin;rgs;gif;jpg;jpeg;jpe;resx;tiff;tif;png;wav;mfcribbon-ms</Extensions>
    </Filter>
    <Filter Include="Archivos de origen\managers">
      <UniqueIdentifier>{4ab80bfc-8a2a-4ed5-aa0f-3726f39a8f20}</UniqueIdentifier>
    </Filter>
    <Filter Include="Archivos de encabezado\managers">
      <UniqueIdentifier>{64d2b5d9-531f-4ba0-b963-37fb1fe39d2a}</UniqueIdentifier>
    </Filter>
    <Filter Include="Archivos de origen\entities">
      <UniqueIdentifier>{af48504c-f9cf-4d2c-895a-b64d3e4ef90f}</UniqueIdentifier>
    </Filter>
    <Filter Include="Archivos de encabezado\entities">
      <UniqueIdentifier>{22c2b4ee-89fe-4e50-aab5-7f560a7f3675}</UniqueIdentifier>
    </Filter>
    <Filter Include="Archivos de origen\entities\potions">
      <UniqueIdentifier>{33210650-293f-4f69-8c36-b39c48db3fcb}</UniqueIdentifier>
    </Filter>
    <Filter Include="Archivos de encabezado\entities\potions">
      <UniqueIdentifier>{6ca50b8c-d8c7-4c7c-ab0b-0e0d08f4d6c1}</UniqueIdentifier>
    </Filter>
    <Filter Include="Archivos de encabezado\entities\tiles">
      <UniqueIdentifier>{39daff27-b0be-49cc-a948-ab1345042e08}</UniqueIdentifier>
    </Filter>
    <Filter Include="Archivos de origen\entities\tiles">
      <UniqueIdentifier>{862a5f8a-55ef-4078-b7eb-68c320de61b7}</UniqueIdentifier>
    </Filter>
    <Filter Include="Archivos de encabezado\entities\projectiles">
      <UniqueIdentifier>{fdeb2444-d3af-4813-8069-426940cdaea3}</UniqueIdentifier>
    </Filter>
    <Filter Include="Archivos de origen\entities\projectiles">
      <UniqueIdentifier>{07636397-dba2-430c-8c3d-781b40a85a64}</UniqueIdentifier>
    </Filter>
  </ItemGroup>
  <ItemGroup>
    <ClInclude Include="pch.h">
      <Filter>Archivos de encabezado</Filter>
    </ClInclude>
    <ClInclude Include="entity.h">
      <Filter>Archivos de encabezado</Filter>
    </ClInclude>
    <ClInclude Include="game.h">
      <Filter>Archivos de encabezado</Filter>
    </ClInclude>
    <ClInclude Include="camera.h">
      <Filter>Archivos de encabezado</Filter>
    </ClInclude>
    <ClInclude Include="engineManager.h">
      <Filter>Archivos de encabezado\managers</Filter>
    </ClInclude>
    <ClInclude Include="enemy.h">
      <Filter>Archivos de encabezado\entities</Filter>
    </ClInclude>
    <ClInclude Include="player.h">
      <Filter>Archivos de encabezado\entities</Filter>
    </ClInclude>
    <ClInclude Include="potionHealth.h">
      <Filter>Archivos de encabezado\entities\potions</Filter>
    </ClInclude>
    <ClInclude Include="potionMana.h">
      <Filter>Archivos de encabezado\entities\potions</Filter>
    </ClInclude>
    <ClInclude Include="potionSpeed.h">
      <Filter>Archivos de encabezado\entities\potions</Filter>
    </ClInclude>
    <ClInclude Include="sceneMap.h">
      <Filter>Archivos de encabezado</Filter>
    </ClInclude>
    <ClInclude Include="tinyxml2.h">
      <Filter>Archivos de encabezado</Filter>
    </ClInclude>
    <ClInclude Include="quadTree.h">
      <Filter>Archivos de encabezado</Filter>
    </ClInclude>
    <ClInclude Include="tile.h">
      <Filter>Archivos de encabezado\entities\tiles</Filter>
    </ClInclude>
    <ClInclude Include="projectile.h">
      <Filter>Archivos de encabezado\entities\projectiles</Filter>
    </ClInclude>
    <ClInclude Include="potion.h">
      <Filter>Archivos de encabezado\entities\potions</Filter>
    </ClInclude>
    <ClInclude Include="projectileStraight.h">
      <Filter>Archivos de encabezado\entities\projectiles</Filter>
    </ClInclude>
    <ClInclude Include="projectileSpin.h">
      <Filter>Archivos de encabezado\entities\projectiles</Filter>
    </ClInclude>
    <ClInclude Include="projectileStraightSpin.h">
      <Filter>Archivos de encabezado\entities\projectiles</Filter>
    </ClInclude>
    <ClInclude Include="projectileConus.h">
      <Filter>Archivos de encabezado</Filter>
    </ClInclude>
  </ItemGroup>
  <ItemGroup>
    <ClCompile Include="pch.cpp">
      <Filter>Archivos de origen</Filter>
    </ClCompile>
    <ClCompile Include="Alphas.cpp">
      <Filter>Archivos de origen</Filter>
    </ClCompile>
    <ClCompile Include="entity.cpp">
      <Filter>Archivos de origen</Filter>
    </ClCompile>
    <ClCompile Include="Game.cpp">
      <Filter>Archivos de origen</Filter>
    </ClCompile>
    <ClCompile Include="camera.cpp">
      <Filter>Archivos de origen</Filter>
    </ClCompile>
    <ClCompile Include="EngineManager.cpp">
      <Filter>Archivos de origen\managers</Filter>
    </ClCompile>
    <ClCompile Include="player.cpp">
      <Filter>Archivos de origen\entities</Filter>
    </ClCompile>
    <ClCompile Include="enemy.cpp">
      <Filter>Archivos de origen\entities</Filter>
    </ClCompile>
    <ClCompile Include="potionHealth.cpp">
      <Filter>Archivos de origen\entities\potions</Filter>
    </ClCompile>
    <ClCompile Include="potionSpeed.cpp">
      <Filter>Archivos de origen\entities\potions</Filter>
    </ClCompile>
    <ClCompile Include="potionMana.cpp">
      <Filter>Archivos de origen\entities\potions</Filter>
    </ClCompile>
    <ClCompile Include="sceneMap.cpp">
      <Filter>Archivos de origen</Filter>
    </ClCompile>
    <ClCompile Include="tinyxml2.cpp">
      <Filter>Archivos de origen</Filter>
    </ClCompile>
    <ClCompile Include="QuadTree.cpp">
      <Filter>Archivos de origen</Filter>
    </ClCompile>
    <ClCompile Include="Tile.cpp">
      <Filter>Archivos de origen\entities\tiles</Filter>
    </ClCompile>
    <ClCompile Include="potion.cpp">
      <Filter>Archivos de origen\entities\potions</Filter>
    </ClCompile>
    <ClCompile Include="projectile.cpp">
      <Filter>Archivos de origen\entities\projectiles</Filter>
    </ClCompile>
    <ClCompile Include="projectileStraight.cpp">
      <Filter>Archivos de origen\entities\projectiles</Filter>
    </ClCompile>
    <ClCompile Include="projectileSpin.cpp">
      <Filter>Archivos de origen\entities\projectiles</Filter>
    </ClCompile>
    <ClCompile Include="projectileStraightSpin.cpp">
      <Filter>Archivos de origen\entities\projectiles</Filter>
    </ClCompile>
    <ClCompile Include="projectileConus.cpp">
      <Filter>Archivos de origen</Filter>
    </ClCompile>
  </ItemGroup>
</Project>